// !$*UTF8*$!
{
	archiveVersion = 1;
	classes = {
	};
	objectVersion = 46;
	objects = {

/* Begin PBXBuildFile section */
		9216ADAB1C2CE0410077BAED /* Firebase.framework in Frameworks */ = {isa = PBXBuildFile; fileRef = 9216ADAA1C2CE0410077BAED /* Firebase.framework */; };
		9216ADAF1C2CE1250077BAED /* libc++.1.dylib in Frameworks */ = {isa = PBXBuildFile; fileRef = 9216ADAD1C2CE1250077BAED /* libc++.1.dylib */; };
		9216ADB01C2CE1250077BAED /* libicucore.A.dylib in Frameworks */ = {isa = PBXBuildFile; fileRef = 9216ADAE1C2CE1250077BAED /* libicucore.A.dylib */; };
		9216ADB21C2CE1410077BAED /* SystemConfiguration.framework in Frameworks */ = {isa = PBXBuildFile; fileRef = 9216ADB11C2CE1410077BAED /* SystemConfiguration.framework */; };
		9216ADB41C2CE1500077BAED /* CFNetwork.framework in Frameworks */ = {isa = PBXBuildFile; fileRef = 9216ADB31C2CE1500077BAED /* CFNetwork.framework */; };
		9216ADB61C2CE1600077BAED /* Security.framework in Frameworks */ = {isa = PBXBuildFile; fileRef = 9216ADB51C2CE1600077BAED /* Security.framework */; };
		9216ADBB1C2D01A50077BAED /* ImportDataViewController.swift in Sources */ = {isa = PBXBuildFile; fileRef = 9216ADBA1C2D01A50077BAED /* ImportDataViewController.swift */; };
		9278DAE71C2CB5DD00ABC858 /* AppDelegate.swift in Sources */ = {isa = PBXBuildFile; fileRef = 9278DAE61C2CB5DD00ABC858 /* AppDelegate.swift */; };
		9278DAE91C2CB5DD00ABC858 /* ViewController.swift in Sources */ = {isa = PBXBuildFile; fileRef = 9278DAE81C2CB5DD00ABC858 /* ViewController.swift */; };
		9278DAEC1C2CB5DD00ABC858 /* Main.storyboard in Resources */ = {isa = PBXBuildFile; fileRef = 9278DAEA1C2CB5DD00ABC858 /* Main.storyboard */; };
		9278DAEE1C2CB5DD00ABC858 /* Assets.xcassets in Resources */ = {isa = PBXBuildFile; fileRef = 9278DAED1C2CB5DD00ABC858 /* Assets.xcassets */; };
		9278DAF11C2CB5DD00ABC858 /* LaunchScreen.storyboard in Resources */ = {isa = PBXBuildFile; fileRef = 9278DAEF1C2CB5DD00ABC858 /* LaunchScreen.storyboard */; };
		9278DAF91C2CB88E00ABC858 /* CollectionViewCell.swift in Sources */ = {isa = PBXBuildFile; fileRef = 9278DAF81C2CB88E00ABC858 /* CollectionViewCell.swift */; };
		9278DAFB1C2CB8AA00ABC858 /* NewViewController.swift in Sources */ = {isa = PBXBuildFile; fileRef = 9278DAFA1C2CB8AA00ABC858 /* NewViewController.swift */; };
		92CB16161C2DFB9E00CA9C84 /* HTTPController.swift in Sources */ = {isa = PBXBuildFile; fileRef = 92CB16151C2DFB9E00CA9C84 /* HTTPController.swift */; };
		92CE9DC41C2DE58400A81195 /* FindBeerViewController.swift in Sources */ = {isa = PBXBuildFile; fileRef = 92CE9DC31C2DE58400A81195 /* FindBeerViewController.swift */; };
		F73D07F0B15F291D9FF3DE84 /* Pods.framework in Frameworks */ = {isa = PBXBuildFile; fileRef = 56A6D02E95192E1B9DC271BA /* Pods.framework */; };
/* End PBXBuildFile section */

/* Begin PBXFileReference section */
		56A6D02E95192E1B9DC271BA /* Pods.framework */ = {isa = PBXFileReference; explicitFileType = wrapper.framework; includeInIndex = 0; path = Pods.framework; sourceTree = BUILT_PRODUCTS_DIR; };
		9216ADAA1C2CE0410077BAED /* Firebase.framework */ = {isa = PBXFileReference; lastKnownFileType = wrapper.framework; path = Firebase.framework; sourceTree = "<group>"; };
		9216ADAD1C2CE1250077BAED /* libc++.1.dylib */ = {isa = PBXFileReference; lastKnownFileType = "compiled.mach-o.dylib"; name = "libc++.1.dylib"; path = "../../../libc++.1.dylib"; sourceTree = "<group>"; };
		9216ADAE1C2CE1250077BAED /* libicucore.A.dylib */ = {isa = PBXFileReference; lastKnownFileType = "compiled.mach-o.dylib"; name = libicucore.A.dylib; path = ../../../libicucore.A.dylib; sourceTree = "<group>"; };
		9216ADB11C2CE1410077BAED /* SystemConfiguration.framework */ = {isa = PBXFileReference; lastKnownFileType = wrapper.framework; name = SystemConfiguration.framework; path = System/Library/Frameworks/SystemConfiguration.framework; sourceTree = SDKROOT; };
		9216ADB31C2CE1500077BAED /* CFNetwork.framework */ = {isa = PBXFileReference; lastKnownFileType = wrapper.framework; name = CFNetwork.framework; path = System/Library/Frameworks/CFNetwork.framework; sourceTree = SDKROOT; };
		9216ADB51C2CE1600077BAED /* Security.framework */ = {isa = PBXFileReference; lastKnownFileType = wrapper.framework; name = Security.framework; path = System/Library/Frameworks/Security.framework; sourceTree = SDKROOT; };
		9216ADB71C2CE1800077BAED /* collectionView-DEMO-Bridging-Header.h */ = {isa = PBXFileReference; lastKnownFileType = sourcecode.c.h; path = "collectionView-DEMO-Bridging-Header.h"; sourceTree = SOURCE_ROOT; };
		9216ADBA1C2D01A50077BAED /* ImportDataViewController.swift */ = {isa = PBXFileReference; fileEncoding = 4; lastKnownFileType = sourcecode.swift; path = ImportDataViewController.swift; sourceTree = "<group>"; };
		9278DAE31C2CB5DD00ABC858 /* collectionView-DEMO.app */ = {isa = PBXFileReference; explicitFileType = wrapper.application; includeInIndex = 0; path = "collectionView-DEMO.app"; sourceTree = BUILT_PRODUCTS_DIR; };
		9278DAE61C2CB5DD00ABC858 /* AppDelegate.swift */ = {isa = PBXFileReference; lastKnownFileType = sourcecode.swift; path = AppDelegate.swift; sourceTree = "<group>"; };
		9278DAE81C2CB5DD00ABC858 /* ViewController.swift */ = {isa = PBXFileReference; lastKnownFileType = sourcecode.swift; path = ViewController.swift; sourceTree = "<group>"; };
		9278DAEB1C2CB5DD00ABC858 /* Base */ = {isa = PBXFileReference; lastKnownFileType = file.storyboard; name = Base; path = Base.lproj/Main.storyboard; sourceTree = "<group>"; };
		9278DAED1C2CB5DD00ABC858 /* Assets.xcassets */ = {isa = PBXFileReference; lastKnownFileType = folder.assetcatalog; path = Assets.xcassets; sourceTree = "<group>"; };
		9278DAF01C2CB5DD00ABC858 /* Base */ = {isa = PBXFileReference; lastKnownFileType = file.storyboard; name = Base; path = Base.lproj/LaunchScreen.storyboard; sourceTree = "<group>"; };
		9278DAF21C2CB5DD00ABC858 /* Info.plist */ = {isa = PBXFileReference; lastKnownFileType = text.plist.xml; path = Info.plist; sourceTree = "<group>"; };
		9278DAF81C2CB88E00ABC858 /* CollectionViewCell.swift */ = {isa = PBXFileReference; fileEncoding = 4; lastKnownFileType = sourcecode.swift; path = CollectionViewCell.swift; sourceTree = "<group>"; };
		9278DAFA1C2CB8AA00ABC858 /* NewViewController.swift */ = {isa = PBXFileReference; fileEncoding = 4; lastKnownFileType = sourcecode.swift; path = NewViewController.swift; sourceTree = "<group>"; };
		92CB16151C2DFB9E00CA9C84 /* HTTPController.swift */ = {isa = PBXFileReference; fileEncoding = 4; lastKnownFileType = sourcecode.swift; path = HTTPController.swift; sourceTree = "<group>"; };
		92CE9DC31C2DE58400A81195 /* FindBeerViewController.swift */ = {isa = PBXFileReference; fileEncoding = 4; lastKnownFileType = sourcecode.swift; path = FindBeerViewController.swift; sourceTree = "<group>"; };
		A37960FACCF71A6CFB80D6AD /* Pods.release.xcconfig */ = {isa = PBXFileReference; includeInIndex = 1; lastKnownFileType = text.xcconfig; name = Pods.release.xcconfig; path = "Pods/Target Support Files/Pods/Pods.release.xcconfig"; sourceTree = "<group>"; };
		DCA0E413E021E005EDDCBA8D /* Pods.debug.xcconfig */ = {isa = PBXFileReference; includeInIndex = 1; lastKnownFileType = text.xcconfig; name = Pods.debug.xcconfig; path = "Pods/Target Support Files/Pods/Pods.debug.xcconfig"; sourceTree = "<group>"; };
/* End PBXFileReference section */

/* Begin PBXFrameworksBuildPhase section */
		9278DAE01C2CB5DD00ABC858 /* Frameworks */ = {
			isa = PBXFrameworksBuildPhase;
			buildActionMask = 2147483647;
			files = (
				9216ADB61C2CE1600077BAED /* Security.framework in Frameworks */,
				9216ADB41C2CE1500077BAED /* CFNetwork.framework in Frameworks */,
				9216ADB21C2CE1410077BAED /* SystemConfiguration.framework in Frameworks */,
				9216ADAF1C2CE1250077BAED /* libc++.1.dylib in Frameworks */,
				9216ADB01C2CE1250077BAED /* libicucore.A.dylib in Frameworks */,
				9216ADAB1C2CE0410077BAED /* Firebase.framework in Frameworks */,
				F73D07F0B15F291D9FF3DE84 /* Pods.framework in Frameworks */,
			);
			runOnlyForDeploymentPostprocessing = 0;
		};
/* End PBXFrameworksBuildPhase section */

/* Begin PBXGroup section */
		9216ADAC1C2CE0490077BAED /* Frameworks */ = {
			isa = PBXGroup;
			children = (
				9216ADB51C2CE1600077BAED /* Security.framework */,
				9216ADB31C2CE1500077BAED /* CFNetwork.framework */,
				9216ADB11C2CE1410077BAED /* SystemConfiguration.framework */,
				9216ADAD1C2CE1250077BAED /* libc++.1.dylib */,
				9216ADAE1C2CE1250077BAED /* libicucore.A.dylib */,
				9216ADAA1C2CE0410077BAED /* Firebase.framework */,
				56A6D02E95192E1B9DC271BA /* Pods.framework */,
			);
			name = Frameworks;
			path = "collectionView-DEMO";
			sourceTree = "<group>";
		};
		9278DADA1C2CB5DD00ABC858 = {
			isa = PBXGroup;
			children = (
				9278DAE51C2CB5DD00ABC858 /* collectionView-DEMO */,
				9278DAFC1C2CB8CA00ABC858 /* support Files */,
				9216ADAC1C2CE0490077BAED /* Frameworks */,
				9278DAE41C2CB5DD00ABC858 /* Products */,
				AEE4DE48D16A91C937687CCF /* Pods */,
			);
			sourceTree = "<group>";
		};
		9278DAE41C2CB5DD00ABC858 /* Products */ = {
			isa = PBXGroup;
			children = (
				9278DAE31C2CB5DD00ABC858 /* collectionView-DEMO.app */,
			);
			name = Products;
			sourceTree = "<group>";
		};
		9278DAE51C2CB5DD00ABC858 /* collectionView-DEMO */ = {
			isa = PBXGroup;
			children = (
				9278DAED1C2CB5DD00ABC858 /* Assets.xcassets */,
				9278DAEA1C2CB5DD00ABC858 /* Main.storyboard */,
				9278DAFD1C2CB8DA00ABC858 /* View Controllers */,
			);
			path = "collectionView-DEMO";
			sourceTree = "<group>";
		};
		9278DAFC1C2CB8CA00ABC858 /* support Files */ = {
			isa = PBXGroup;
			children = (
				9216ADB71C2CE1800077BAED /* collectionView-DEMO-Bridging-Header.h */,
				9278DAE61C2CB5DD00ABC858 /* AppDelegate.swift */,
				9278DAEF1C2CB5DD00ABC858 /* LaunchScreen.storyboard */,
				9278DAF21C2CB5DD00ABC858 /* Info.plist */,
			);
			name = "support Files";
			path = "collectionView-DEMO";
			sourceTree = "<group>";
		};
		9278DAFD1C2CB8DA00ABC858 /* View Controllers */ = {
			isa = PBXGroup;
			children = (
				9216ADBA1C2D01A50077BAED /* ImportDataViewController.swift */,
				92CB16151C2DFB9E00CA9C84 /* HTTPController.swift */,
				92CE9DC51C2DE71400A81195 /* Drafts */,
			);
			name = "View Controllers";
			sourceTree = "<group>";
		};
		92CE9DC51C2DE71400A81195 /* Drafts */ = {
			isa = PBXGroup;
			children = (
				9278DAE81C2CB5DD00ABC858 /* ViewController.swift */,
				9278DAF81C2CB88E00ABC858 /* CollectionViewCell.swift */,
				9278DAFA1C2CB8AA00ABC858 /* NewViewController.swift */,
				92CE9DC31C2DE58400A81195 /* FindBeerViewController.swift */,
			);
			name = Drafts;
			sourceTree = "<group>";
		};
		AEE4DE48D16A91C937687CCF /* Pods */ = {
			isa = PBXGroup;
			children = (
				DCA0E413E021E005EDDCBA8D /* Pods.debug.xcconfig */,
				A37960FACCF71A6CFB80D6AD /* Pods.release.xcconfig */,
			);
			name = Pods;
			sourceTree = "<group>";
		};
/* End PBXGroup section */

/* Begin PBXNativeTarget section */
		9278DAE21C2CB5DD00ABC858 /* collectionView-DEMO */ = {
			isa = PBXNativeTarget;
			buildConfigurationList = 9278DAF51C2CB5DD00ABC858 /* Build configuration list for PBXNativeTarget "collectionView-DEMO" */;
			buildPhases = (
				50B238410818BC63F0EE4418 /* Check Pods Manifest.lock */,
				9278DADF1C2CB5DD00ABC858 /* Sources */,
				9278DAE01C2CB5DD00ABC858 /* Frameworks */,
				9278DAE11C2CB5DD00ABC858 /* Resources */,
				08E867BDAD733D20D704411B /* Embed Pods Frameworks */,
				D07F9A05117CB179CFDA937F /* Copy Pods Resources */,
			);
			buildRules = (
			);
			dependencies = (
			);
			name = "collectionView-DEMO";
			productName = "collectionView-DEMO";
			productReference = 9278DAE31C2CB5DD00ABC858 /* collectionView-DEMO.app */;
			productType = "com.apple.product-type.application";
		};
/* End PBXNativeTarget section */

/* Begin PBXProject section */
		9278DADB1C2CB5DD00ABC858 /* Project object */ = {
			isa = PBXProject;
			attributes = {
				LastSwiftUpdateCheck = 0720;
				LastUpgradeCheck = 0720;
				ORGANIZATIONNAME = "Jon Harlan";
				TargetAttributes = {
					9278DAE21C2CB5DD00ABC858 = {
						CreatedOnToolsVersion = 7.2;
						DevelopmentTeam = 2A3HCCKAKW;
					};
				};
			};
			buildConfigurationList = 9278DADE1C2CB5DD00ABC858 /* Build configuration list for PBXProject "collectionView-DEMO" */;
			compatibilityVersion = "Xcode 3.2";
			developmentRegion = English;
			hasScannedForEncodings = 0;
			knownRegions = (
				en,
				Base,
			);
			mainGroup = 9278DADA1C2CB5DD00ABC858;
			productRefGroup = 9278DAE41C2CB5DD00ABC858 /* Products */;
			projectDirPath = "";
			projectRoot = "";
			targets = (
				9278DAE21C2CB5DD00ABC858 /* collectionView-DEMO */,
			);
		};
/* End PBXProject section */

/* Begin PBXResourcesBuildPhase section */
		9278DAE11C2CB5DD00ABC858 /* Resources */ = {
			isa = PBXResourcesBuildPhase;
			buildActionMask = 2147483647;
			files = (
				9278DAF11C2CB5DD00ABC858 /* LaunchScreen.storyboard in Resources */,
				9278DAEE1C2CB5DD00ABC858 /* Assets.xcassets in Resources */,
				9278DAEC1C2CB5DD00ABC858 /* Main.storyboard in Resources */,
			);
			runOnlyForDeploymentPostprocessing = 0;
		};
/* End PBXResourcesBuildPhase section */

/* Begin PBXShellScriptBuildPhase section */
		08E867BDAD733D20D704411B /* Embed Pods Frameworks */ = {
			isa = PBXShellScriptBuildPhase;
			buildActionMask = 2147483647;
			files = (
			);
			inputPaths = (
			);
			name = "Embed Pods Frameworks";
			outputPaths = (
			);
			runOnlyForDeploymentPostprocessing = 0;
			shellPath = /bin/sh;
			shellScript = "\"${SRCROOT}/Pods/Target Support Files/Pods/Pods-frameworks.sh\"\n";
			showEnvVarsInLog = 0;
		};
		50B238410818BC63F0EE4418 /* Check Pods Manifest.lock */ = {
			isa = PBXShellScriptBuildPhase;
			buildActionMask = 2147483647;
			files = (
			);
			inputPaths = (
			);
			name = "Check Pods Manifest.lock";
			outputPaths = (
			);
			runOnlyForDeploymentPostprocessing = 0;
			shellPath = /bin/sh;
			shellScript = "diff \"${PODS_ROOT}/../Podfile.lock\" \"${PODS_ROOT}/Manifest.lock\" > /dev/null\nif [[ $? != 0 ]] ; then\n    cat << EOM\nerror: The sandbox is not in sync with the Podfile.lock. Run 'pod install' or update your CocoaPods installation.\nEOM\n    exit 1\nfi\n";
			showEnvVarsInLog = 0;
		};
		D07F9A05117CB179CFDA937F /* Copy Pods Resources */ = {
			isa = PBXShellScriptBuildPhase;
			buildActionMask = 2147483647;
			files = (
			);
			inputPaths = (
			);
			name = "Copy Pods Resources";
			outputPaths = (
			);
			runOnlyForDeploymentPostprocessing = 0;
			shellPath = /bin/sh;
			shellScript = "\"${SRCROOT}/Pods/Target Support Files/Pods/Pods-resources.sh\"\n";
			showEnvVarsInLog = 0;
		};
/* End PBXShellScriptBuildPhase section */

/* Begin PBXSourcesBuildPhase section */
		9278DADF1C2CB5DD00ABC858 /* Sources */ = {
			isa = PBXSourcesBuildPhase;
			buildActionMask = 2147483647;
			files = (
				9278DAE91C2CB5DD00ABC858 /* ViewController.swift in Sources */,
				92CB16161C2DFB9E00CA9C84 /* HTTPController.swift in Sources */,
				9216ADBB1C2D01A50077BAED /* ImportDataViewController.swift in Sources */,
				9278DAE71C2CB5DD00ABC858 /* AppDelegate.swift in Sources */,
				9278DAF91C2CB88E00ABC858 /* CollectionViewCell.swift in Sources */,
				9278DAFB1C2CB8AA00ABC858 /* NewViewController.swift in Sources */,
				92CE9DC41C2DE58400A81195 /* FindBeerViewController.swift in Sources */,
			);
			runOnlyForDeploymentPostprocessing = 0;
		};
/* End PBXSourcesBuildPhase section */

/* Begin PBXVariantGroup section */
		9278DAEA1C2CB5DD00ABC858 /* Main.storyboard */ = {
			isa = PBXVariantGroup;
			children = (
				9278DAEB1C2CB5DD00ABC858 /* Base */,
			);
			name = Main.storyboard;
			sourceTree = "<group>";
		};
		9278DAEF1C2CB5DD00ABC858 /* LaunchScreen.storyboard */ = {
			isa = PBXVariantGroup;
			children = (
				9278DAF01C2CB5DD00ABC858 /* Base */,
			);
			name = LaunchScreen.storyboard;
			sourceTree = "<group>";
		};
/* End PBXVariantGroup section */

/* Begin XCBuildConfiguration section */
		9278DAF31C2CB5DD00ABC858 /* Debug */ = {
			isa = XCBuildConfiguration;
			buildSettings = {
				ALWAYS_SEARCH_USER_PATHS = NO;
				CLANG_CXX_LANGUAGE_STANDARD = "gnu++0x";
				CLANG_CXX_LIBRARY = "libc++";
				CLANG_ENABLE_MODULES = YES;
				CLANG_ENABLE_OBJC_ARC = YES;
				CLANG_WARN_BOOL_CONVERSION = YES;
				CLANG_WARN_CONSTANT_CONVERSION = YES;
				CLANG_WARN_DIRECT_OBJC_ISA_USAGE = YES_ERROR;
				CLANG_WARN_EMPTY_BODY = YES;
				CLANG_WARN_ENUM_CONVERSION = YES;
				CLANG_WARN_INT_CONVERSION = YES;
				CLANG_WARN_OBJC_ROOT_CLASS = YES_ERROR;
				CLANG_WARN_UNREACHABLE_CODE = YES;
				CLANG_WARN__DUPLICATE_METHOD_MATCH = YES;
				"CODE_SIGN_IDENTITY[sdk=iphoneos*]" = "iPhone Developer";
				COPY_PHASE_STRIP = NO;
				DEBUG_INFORMATION_FORMAT = dwarf;
				ENABLE_STRICT_OBJC_MSGSEND = YES;
				ENABLE_TESTABILITY = YES;
				GCC_C_LANGUAGE_STANDARD = gnu99;
				GCC_DYNAMIC_NO_PIC = NO;
				GCC_NO_COMMON_BLOCKS = YES;
				GCC_OPTIMIZATION_LEVEL = 0;
				GCC_PREPROCESSOR_DEFINITIONS = (
					"DEBUG=1",
					"$(inherited)",
				);
				GCC_WARN_64_TO_32_BIT_CONVERSION = YES;
				GCC_WARN_ABOUT_RETURN_TYPE = YES_ERROR;
				GCC_WARN_UNDECLARED_SELECTOR = YES;
				GCC_WARN_UNINITIALIZED_AUTOS = YES_AGGRESSIVE;
				GCC_WARN_UNUSED_FUNCTION = YES;
				GCC_WARN_UNUSED_VARIABLE = YES;
				IPHONEOS_DEPLOYMENT_TARGET = 9.2;
				MTL_ENABLE_DEBUG_INFO = YES;
				ONLY_ACTIVE_ARCH = YES;
				SDKROOT = iphoneos;
				SWIFT_OPTIMIZATION_LEVEL = "-Onone";
			};
			name = Debug;
		};
		9278DAF41C2CB5DD00ABC858 /* Release */ = {
			isa = XCBuildConfiguration;
			buildSettings = {
				ALWAYS_SEARCH_USER_PATHS = NO;
				CLANG_CXX_LANGUAGE_STANDARD = "gnu++0x";
				CLANG_CXX_LIBRARY = "libc++";
				CLANG_ENABLE_MODULES = YES;
				CLANG_ENABLE_OBJC_ARC = YES;
				CLANG_WARN_BOOL_CONVERSION = YES;
				CLANG_WARN_CONSTANT_CONVERSION = YES;
				CLANG_WARN_DIRECT_OBJC_ISA_USAGE = YES_ERROR;
				CLANG_WARN_EMPTY_BODY = YES;
				CLANG_WARN_ENUM_CONVERSION = YES;
				CLANG_WARN_INT_CONVERSION = YES;
				CLANG_WARN_OBJC_ROOT_CLASS = YES_ERROR;
				CLANG_WARN_UNREACHABLE_CODE = YES;
				CLANG_WARN__DUPLICATE_METHOD_MATCH = YES;
				"CODE_SIGN_IDENTITY[sdk=iphoneos*]" = "iPhone Developer";
				COPY_PHASE_STRIP = NO;
				DEBUG_INFORMATION_FORMAT = "dwarf-with-dsym";
				ENABLE_NS_ASSERTIONS = NO;
				ENABLE_STRICT_OBJC_MSGSEND = YES;
				GCC_C_LANGUAGE_STANDARD = gnu99;
				GCC_NO_COMMON_BLOCKS = YES;
				GCC_WARN_64_TO_32_BIT_CONVERSION = YES;
				GCC_WARN_ABOUT_RETURN_TYPE = YES_ERROR;
				GCC_WARN_UNDECLARED_SELECTOR = YES;
				GCC_WARN_UNINITIALIZED_AUTOS = YES_AGGRESSIVE;
				GCC_WARN_UNUSED_FUNCTION = YES;
				GCC_WARN_UNUSED_VARIABLE = YES;
				IPHONEOS_DEPLOYMENT_TARGET = 9.2;
				MTL_ENABLE_DEBUG_INFO = NO;
				SDKROOT = iphoneos;
				VALIDATE_PRODUCT = YES;
			};
			name = Release;
		};
		9278DAF61C2CB5DD00ABC858 /* Debug */ = {
			isa = XCBuildConfiguration;
			baseConfigurationReference = DCA0E413E021E005EDDCBA8D /* Pods.debug.xcconfig */;
			buildSettings = {
				ASSETCATALOG_COMPILER_APPICON_NAME = AppIcon;
				CLANG_ENABLE_MODULES = YES;
				FRAMEWORK_SEARCH_PATHS = (
					"$(inherited)",
					"$(PROJECT_DIR)/collectionView-DEMO",
				);
				INFOPLIST_FILE = "collectionView-DEMO/Info.plist";
				LD_RUNPATH_SEARCH_PATHS = "$(inherited) @executable_path/Frameworks";
				OTHER_LDFLAGS = "-ObjC";
				PRODUCT_BUNDLE_IDENTIFIER = "RydeHQ.collectionView-DEMO";
				PRODUCT_NAME = "$(TARGET_NAME)";
				SWIFT_OBJC_BRIDGING_HEADER = "collectionView-DEMO-Bridging-Header.h";
				SWIFT_OPTIMIZATION_LEVEL = "-Onone";
			};
			name = Debug;
		};
		9278DAF71C2CB5DD00ABC858 /* Release */ = {
			isa = XCBuildConfiguration;
			baseConfigurationReference = A37960FACCF71A6CFB80D6AD /* Pods.release.xcconfig */;
			buildSettings = {
				ASSETCATALOG_COMPILER_APPICON_NAME = AppIcon;
				CLANG_ENABLE_MODULES = YES;
				FRAMEWORK_SEARCH_PATHS = (
					"$(inherited)",
					"$(PROJECT_DIR)/collectionView-DEMO",
				);
				INFOPLIST_FILE = "collectionView-DEMO/Info.plist";
				LD_RUNPATH_SEARCH_PATHS = "$(inherited) @executable_path/Frameworks";
				OTHER_LDFLAGS = "-ObjC";
				PRODUCT_BUNDLE_IDENTIFIER = "RydeHQ.collectionView-DEMO";
				PRODUCT_NAME = "$(TARGET_NAME)";
				SWIFT_OBJC_BRIDGING_HEADER = "collectionView-DEMO-Bridging-Header.h";
			};
			name = Release;
		};
/* End XCBuildConfiguration section */

/* Begin XCConfigurationList section */
		9278DADE1C2CB5DD00ABC858 /* Build configuration list for PBXProject "collectionView-DEMO" */ = {
			isa = XCConfigurationList;
			buildConfigurations = (
				9278DAF31C2CB5DD00ABC858 /* Debug */,
				9278DAF41C2CB5DD00ABC858 /* Release */,
			);
			defaultConfigurationIsVisible = 0;
			defaultConfigurationName = Release;
		};
		9278DAF51C2CB5DD00ABC858 /* Build configuration list for PBXNativeTarget "collectionView-DEMO" */ = {
			isa = XCConfigurationList;
			buildConfigurations = (
				9278DAF61C2CB5DD00ABC858 /* Debug */,
				9278DAF71C2CB5DD00ABC858 /* Release */,
			);
			defaultConfigurationIsVisible = 0;
			defaultConfigurationName = Release;
		};
/* End XCConfigurationList section */
	};
	rootObject = 9278DADB1C2CB5DD00ABC858 /* Project object */;
}
